Microsoft Visual Studio Solution File, Format Version 12.00
# Visual Studio 15
VisualStudioVersion = 15.0.28307.960
MinimumVisualStudioVersion = 10.0.40219.1
Project("{9A19103F-16F7-4668-BE54-9A1E7A4F7556}") = "MultiArchiver", "MultiArchiver\MultiArchiver.csproj", "{0E758433-DEC0-41FB-8E4E-B9E361394D92}"
EndProject
Project("{9A19103F-16F7-4668-BE54-9A1E7A4F7556}") = "Test", "Test\Test.csproj", "{FCAA9EF9-F750-4ACF-A48E-299C91ACE4C8}"
EndProject
Project("{9A19103F-16F7-4668-BE54-9A1E7A4F7556}") = "MultiArchiver.Extensions", "MultiArchiver.Extensions\MultiArchiver.Extensions.csproj", "{7DC18395-A880-49CD-ACC9-A79F7D5F9C51}"
EndProject
Project("{9A19103F-16F7-4668-BE54-9A1E7A4F7556}") = "MultiArchiver.Formats", "MultiArchiver.Formats\MultiArchiver.Formats.csproj", "{BD7A5097-6345-4B2A-93CF-EC00E62D2A4C}"
EndProject
Project("{9A19103F-16F7-4668-BE54-9A1E7A4F7556}") = "MultiArchiver.Windows", "MultiArchiver.Windows\MultiArchiver.Windows.csproj", "{89B847F7-7A47-4F77-9368-29633721B29B}"
EndProject
Project("{FAE04EC0-301F-11D3-BF4B-00C04F79EFBC}") = "MultiArchiver.Application", "MultiArchiver.Application\MultiArchiver.Application.csproj", "{C42F864F-7009-4F58-970D-9934CED1DE2D}"
EndProject
Global
	GlobalSection(SolutionConfigurationPlatforms) = preSolution
		Debug|Any CPU = Debug|Any CPU
		Release|Any CPU = Release|Any CPU
	EndGlobalSection
	GlobalSection(ProjectConfigurationPlatforms) = postSolution
		{0E758433-DEC0-41FB-8E4E-B9E361394D92}.Debug|Any CPU.ActiveCfg = Debug|Any CPU
		{0E758433-DEC0-41FB-8E4E-B9E361394D92}.Debug|Any CPU.Build.0 = Debug|Any CPU
		{0E758433-DEC0-41FB-8E4E-B9E361394D92}.Release|Any CPU.ActiveCfg = Release|Any CPU
		{0E758433-DEC0-41FB-8E4E-B9E361394D92}.Release|Any CPU.Build.0 = Release|Any CPU
		{FCAA9EF9-F750-4ACF-A48E-299C91ACE4C8}.Debug|Any CPU.ActiveCfg = Debug|Any CPU
		{FCAA9EF9-F750-4ACF-A48E-299C91ACE4C8}.Debug|Any CPU.Build.0 = Debug|Any CPU
		{FCAA9EF9-F750-4ACF-A48E-299C91ACE4C8}.Release|Any CPU.ActiveCfg = Release|Any CPU
		{FCAA9EF9-F750-4ACF-A48E-299C91ACE4C8}.Release|Any CPU.Build.0 = Release|Any CPU
		{7DC18395-A880-49CD-ACC9-A79F7D5F9C51}.Debug|Any CPU.ActiveCfg = Debug|Any CPU
		{7DC18395-A880-49CD-ACC9-A79F7D5F9C51}.Debug|Any CPU.Build.0 = Debug|Any CPU
		{7DC18395-A880-49CD-ACC9-A79F7D5F9C51}.Release|Any CPU.ActiveCfg = Release|Any CPU
		{7DC18395-A880-49CD-ACC9-A79F7D5F9C51}.Release|Any CPU.Build.0 = Release|Any CPU
		{BD7A5097-6345-4B2A-93CF-EC00E62D2A4C}.Debug|Any CPU.ActiveCfg = Debug|Any CPU
		{BD7A5097-6345-4B2A-93CF-EC00E62D2A4C}.Debug|Any CPU.Build.0 = Debug|Any CPU
		{BD7A5097-6345-4B2A-93CF-EC00E62D2A4C}.Release|Any CPU.ActiveCfg = Release|Any CPU
		{BD7A5097-6345-4B2A-93CF-EC00E62D2A4C}.Release|Any CPU.Build.0 = Release|Any CPU
		{89B847F7-7A47-4F77-9368-29633721B29B}.Debug|Any CPU.ActiveCfg = Debug|Any CPU
		{89B847F7-7A47-4F77-9368-29633721B29B}.Debug|Any CPU.Build.0 = Debug|Any CPU
		{89B847F7-7A47-4F77-9368-29633721B29B}.Release|Any CPU.ActiveCfg = Release|Any CPU
		{89B847F7-7A47-4F77-9368-29633721B29B}.Release|Any CPU.Build.0 = Release|Any CPU
		{C42F864F-7009-4F58-970D-9934CED1DE2D}.Debug|Any CPU.ActiveCfg = Debug|Any CPU
		{C42F864F-7009-4F58-970D-9934CED1DE2D}.Debug|Any CPU.Build.0 = Debug|Any CPU
		{C42F864F-7009-4F58-970D-9934CED1DE2D}.Release|Any CPU.ActiveCfg = Release|Any CPU
		{C42F864F-7009-4F58-970D-9934CED1DE2D}.Release|Any CPU.Build.0 = Release|Any CPU
	EndGlobalSection
	GlobalSection(SolutionProperties) = preSolution
		HideSolutionNode = FALSE
	EndGlobalSection
	GlobalSection(ExtensibilityGlobals) = postSolution
		SolutionGuid = {7FE705AC-0B51-403F-8065-6129A1C8AAEA}
	EndGlobalSection
EndGlobal
