Microsoft Visual Studio Solution File, Format Version 12.00
# Visual Studio Version 17
VisualStudioVersion = 17.5.33530.505
MinimumVisualStudioVersion = 10.0.40219.1
Project("{9A19103F-16F7-4668-BE54-9A1E7A4F7556}") = "SFI", "SFI\SFI.csproj", "{0E758433-DEC0-41FB-8E4E-B9E361394D92}"
EndProject
Project("{9A19103F-16F7-4668-BE54-9A1E7A4F7556}") = "SFI.ConsoleApp", "SFI.ConsoleApp\SFI.ConsoleApp.csproj", "{FCAA9EF9-F750-4ACF-A48E-299C91ACE4C8}"
EndProject
Project("{9A19103F-16F7-4668-BE54-9A1E7A4F7556}") = "SFI.RDF", "SFI.RDF\SFI.RDF.csproj", "{7DC18395-A880-49CD-ACC9-A79F7D5F9C51}"
EndProject
Project("{9A19103F-16F7-4668-BE54-9A1E7A4F7556}") = "SFI.Application", "SFI.Application\SFI.Application.csproj", "{C42F864F-7009-4F58-970D-9934CED1DE2D}"
EndProject
Project("{9A19103F-16F7-4668-BE54-9A1E7A4F7556}") = "SFI.WebApp", "SFI.WebApp\SFI.WebApp.csproj", "{0B1605D2-1D4B-4E3A-993B-4F19496813E6}"
EndProject
Project("{9A19103F-16F7-4668-BE54-9A1E7A4F7556}") = "SFI.SamplePlugin", "SFI.SamplePlugin\SFI.SamplePlugin.csproj", "{C2DC9234-E14C-48C4-8FF8-0EDB6F05D143}"
EndProject
Project("{9A19103F-16F7-4668-BE54-9A1E7A4F7556}") = "SFI.Tests", "SFI.Tests\SFI.Tests.csproj", "{64C56D58-890E-4FC2-882C-5A5FA7643891}"
EndProject
Project("{9A19103F-16F7-4668-BE54-9A1E7A4F7556}") = "SFI.Hashes.Murmur", "SFI.Hashes\Murmur\SFI.Hashes.Murmur.csproj", "{2AD2065A-3ECC-45FB-B46C-AA919FAF2C14}"
EndProject
Project("{2150E333-8FDC-42A3-9474-1A3956D46DE8}") = "Base", "Base", "{579A01C0-AA4E-40B1-B1FE-6C0C5A8662FF}"
EndProject
Project("{2150E333-8FDC-42A3-9474-1A3956D46DE8}") = "Components", "Components", "{D9A70FC8-2F32-4F35-968D-5E392BF338FD}"
EndProject
Project("{2150E333-8FDC-42A3-9474-1A3956D46DE8}") = "Programs", "Programs", "{0EBED11D-F0BE-4482-9988-B21CCE34D3DE}"
EndProject
Project("{9A19103F-16F7-4668-BE54-9A1E7A4F7556}") = "SFI.Hashes.BitTorrent", "SFI.Hashes\BitTorrent\SFI.Hashes.BitTorrent.csproj", "{72B2A037-4BA1-41B4-B417-8D8ED3603767}"
EndProject
Project("{9A19103F-16F7-4668-BE54-9A1E7A4F7556}") = "SFI.Hashes.Blake3", "SFI.Hashes\Blake3\SFI.Hashes.Blake3.csproj", "{093A4878-52CF-48E5-86A6-031BEE5A9E53}"
EndProject
Project("{9A19103F-16F7-4668-BE54-9A1E7A4F7556}") = "SFI.Hashes.NonCryptographic", "SFI.Hashes\NonCryptographic\SFI.Hashes.NonCryptographic.csproj", "{3853EC32-409F-45CE-8C5D-8A1187A75AE9}"
EndProject
Project("{9A19103F-16F7-4668-BE54-9A1E7A4F7556}") = "SFI.Formats.Modules", "SFI.Formats\Modules\SFI.Formats.Modules.csproj", "{7BFBE85F-8370-4EFB-BEE8-94B4DDCF79CF}"
EndProject
Project("{9A19103F-16F7-4668-BE54-9A1E7A4F7556}") = "SFI.Formats.Windows", "SFI.Formats\Windows\SFI.Formats.Windows.csproj", "{A6B31512-1932-4148-A4C2-260A6C6DCF94}"
EndProject
Project("{9A19103F-16F7-4668-BE54-9A1E7A4F7556}") = "SFI.Formats.CLI", "SFI.Formats\CLI\SFI.Formats.CLI.csproj", "{0EC50822-6B33-4F26-AC02-866324FF01E1}"
EndProject
Project("{9A19103F-16F7-4668-BE54-9A1E7A4F7556}") = "SFI.Formats.PE", "SFI.Formats\PE\SFI.Formats.PE.csproj", "{54088771-66D2-4CAB-AB6E-193C51977AE9}"
EndProject
Project("{9A19103F-16F7-4668-BE54-9A1E7A4F7556}") = "SFI.Formats.Office", "SFI.Formats\Office\SFI.Formats.Office.csproj", "{D2A291CD-1D21-4CC8-B4CF-8F74880B70AA}"
EndProject
Project("{9A19103F-16F7-4668-BE54-9A1E7A4F7556}") = "SFI.Formats.DOS", "SFI.Formats\DOS\SFI.Formats.DOS.csproj", "{23A6FB9B-7F2C-4DEE-8133-0E52FFF37467}"
EndProject
Project("{9A19103F-16F7-4668-BE54-9A1E7A4F7556}") = "SFI.Formats.Flash", "SFI.Formats\Flash\SFI.Formats.Flash.csproj", "{3C105E39-26CE-4A22-BB88-F8239E5E1FA8}"
EndProject
Project("{9A19103F-16F7-4668-BE54-9A1E7A4F7556}") = "SFI.Formats.PDF", "SFI.Formats\PDF\SFI.Formats.PDF.csproj", "{CCF95A4F-C535-4A77-86A0-E0BB5FEC68ED}"
EndProject
Project("{9A19103F-16F7-4668-BE54-9A1E7A4F7556}") = "SFI.Formats.Archives", "SFI.Formats\Archives\SFI.Formats.Archives.csproj", "{88B9F569-ED6F-4718-86FF-1C22869E6C08}"
EndProject
Project("{9A19103F-16F7-4668-BE54-9A1E7A4F7556}") = "SFI.Formats.Metadata", "SFI.Formats\Metadata\SFI.Formats.Metadata.csproj", "{46C0D79B-1867-4EAB-8920-11264DB41656}"
EndProject
Project("{9A19103F-16F7-4668-BE54-9A1E7A4F7556}") = "SFI.Formats.SVG", "SFI.Formats\SVG\SFI.Formats.SVG.csproj", "{FB6BD78F-D28D-4238-AB11-EB03789E8CC9}"
EndProject
Project("{9A19103F-16F7-4668-BE54-9A1E7A4F7556}") = "SFI.Formats.OLE", "SFI.Formats\OLE\SFI.Formats.OLE.csproj", "{F9CBBC7C-0BB9-45D6-A351-230CE8E85C2B}"
EndProject
Project("{9A19103F-16F7-4668-BE54-9A1E7A4F7556}") = "SFI.Formats.Packages", "SFI.Formats\Packages\SFI.Formats.Packages.csproj", "{E638C5CB-C862-4EF3-B576-5D6A5E4FAC0D}"
EndProject
Project("{9A19103F-16F7-4668-BE54-9A1E7A4F7556}") = "SFI.Formats.Disks", "SFI.Formats\Disks\SFI.Formats.Disks.csproj", "{6BC1E28D-DA6E-4A39-9119-764AA5C6AFD3}"
EndProject
Project("{9A19103F-16F7-4668-BE54-9A1E7A4F7556}") = "SFI.Formats.WARC", "SFI.Formats\WARC\SFI.Formats.WARC.csproj", "{E841B318-1901-43B8-9D09-49AF84BDBDF3}"
EndProject
Project("{9A19103F-16F7-4668-BE54-9A1E7A4F7556}") = "SFI.Formats.Delphi", "SFI.Formats\Delphi\SFI.Formats.Delphi.csproj", "{519E1653-52E6-4B18-8C02-DDD824C155DE}"
EndProject
Project("{9A19103F-16F7-4668-BE54-9A1E7A4F7556}") = "SFI.Formats.Audio", "SFI.Formats\Audio\SFI.Formats.Audio.csproj", "{E36E8EC6-07EB-498B-A577-DB186B2E2B7D}"
EndProject
Project("{9A19103F-16F7-4668-BE54-9A1E7A4F7556}") = "SFI.Formats.Images", "SFI.Formats\Images\SFI.Formats.Images.csproj", "{89F5B929-CFDD-488E-9B56-1650AFD0C435}"
EndProject
Project("{9A19103F-16F7-4668-BE54-9A1E7A4F7556}") = "SFI.Hashes.DHash", "SFI.Hashes\DHash\SFI.Hashes.DHash.csproj", "{5131102E-FF37-4B93-890F-5C2931A864C6}"
EndProject
Project("{9A19103F-16F7-4668-BE54-9A1E7A4F7556}") = "SFI.Formats.All", "SFI.Formats\All\SFI.Formats.All.csproj", "{92683EB6-0AA0-4894-B580-B048F87AD5DC}"
EndProject
Project("{9A19103F-16F7-4668-BE54-9A1E7A4F7556}") = "SFI.Hashes.All", "SFI.Hashes\All\SFI.Hashes.All.csproj", "{6ADD1876-7747-4C76-86B0-02E25BBAC30A}"
EndProject
Project("{9A19103F-16F7-4668-BE54-9A1E7A4F7556}") = "SFI.ComponentImportGenerator", "SFI.ComponentImportGenerator\SFI.ComponentImportGenerator.csproj", "{50BFD48D-49AA-4562-8CF0-8715A6B5F59A}"
EndProject
Project("{9A19103F-16F7-4668-BE54-9A1E7A4F7556}") = "SFI.Formats.HTML", "SFI.Formats\HTML\SFI.Formats.HTML.csproj", "{346CD338-F628-4745-9C66-6F504A28F3E9}"
EndProject
Project("{9A19103F-16F7-4668-BE54-9A1E7A4F7556}") = "SFI.Formats.RDF", "SFI.Formats\RDF\SFI.Formats.RDF.csproj", "{8E7847C1-ED49-4805-8266-763A071FFB1D}"
EndProject
Project("{9A19103F-16F7-4668-BE54-9A1E7A4F7556}") = "SFI.Formats.AllPortable", "SFI.Formats\AllPortable\SFI.Formats.AllPortable.csproj", "{FC51AE91-D48E-4E28-8BF2-DE8A70469A9F}"
EndProject
Project("{9A19103F-16F7-4668-BE54-9A1E7A4F7556}") = "SFI.Hashes.AllPortable", "SFI.Hashes\AllPortable\SFI.Hashes.AllPortable.csproj", "{61B8A051-7D58-49C5-9715-CC3717627C29}"
EndProject
Project("{9A19103F-16F7-4668-BE54-9A1E7A4F7556}") = "SFI.Formats.XML", "SFI.Formats\XML\SFI.Formats.XML.csproj", "{F72054C4-BCDA-4407-A587-14082B6000CE}"
EndProject
Project("{FAE04EC0-301F-11D3-BF4B-00C04F79EFBC}") = "SFI.Formats.Crypto", "SFI.Formats\Crypto\SFI.Formats.Crypto.csproj", "{6B4DEFB2-FC99-4601-A85D-14B10660849E}"
EndProject
Global
	GlobalSection(SolutionConfigurationPlatforms) = preSolution
		Debug|Any CPU = Debug|Any CPU
		Release|Any CPU = Release|Any CPU
	EndGlobalSection
	GlobalSection(ProjectConfigurationPlatforms) = postSolution
		{0E758433-DEC0-41FB-8E4E-B9E361394D92}.Debug|Any CPU.ActiveCfg = Debug|Any CPU
		{0E758433-DEC0-41FB-8E4E-B9E361394D92}.Debug|Any CPU.Build.0 = Debug|Any CPU
		{0E758433-DEC0-41FB-8E4E-B9E361394D92}.Release|Any CPU.ActiveCfg = Release|Any CPU
		{0E758433-DEC0-41FB-8E4E-B9E361394D92}.Release|Any CPU.Build.0 = Release|Any CPU
		{FCAA9EF9-F750-4ACF-A48E-299C91ACE4C8}.Debug|Any CPU.ActiveCfg = Debug|Any CPU
		{FCAA9EF9-F750-4ACF-A48E-299C91ACE4C8}.Debug|Any CPU.Build.0 = Debug|Any CPU
		{FCAA9EF9-F750-4ACF-A48E-299C91ACE4C8}.Release|Any CPU.ActiveCfg = Release|Any CPU
		{FCAA9EF9-F750-4ACF-A48E-299C91ACE4C8}.Release|Any CPU.Build.0 = Release|Any CPU
		{7DC18395-A880-49CD-ACC9-A79F7D5F9C51}.Debug|Any CPU.ActiveCfg = Debug|Any CPU
		{7DC18395-A880-49CD-ACC9-A79F7D5F9C51}.Debug|Any CPU.Build.0 = Debug|Any CPU
		{7DC18395-A880-49CD-ACC9-A79F7D5F9C51}.Release|Any CPU.ActiveCfg = Release|Any CPU
		{7DC18395-A880-49CD-ACC9-A79F7D5F9C51}.Release|Any CPU.Build.0 = Release|Any CPU
		{C42F864F-7009-4F58-970D-9934CED1DE2D}.Debug|Any CPU.ActiveCfg = Debug|Any CPU
		{C42F864F-7009-4F58-970D-9934CED1DE2D}.Debug|Any CPU.Build.0 = Debug|Any CPU
		{C42F864F-7009-4F58-970D-9934CED1DE2D}.Release|Any CPU.ActiveCfg = Release|Any CPU
		{C42F864F-7009-4F58-970D-9934CED1DE2D}.Release|Any CPU.Build.0 = Release|Any CPU
		{0B1605D2-1D4B-4E3A-993B-4F19496813E6}.Debug|Any CPU.ActiveCfg = Debug|Any CPU
		{0B1605D2-1D4B-4E3A-993B-4F19496813E6}.Debug|Any CPU.Build.0 = Debug|Any CPU
		{0B1605D2-1D4B-4E3A-993B-4F19496813E6}.Release|Any CPU.ActiveCfg = Release|Any CPU
		{0B1605D2-1D4B-4E3A-993B-4F19496813E6}.Release|Any CPU.Build.0 = Release|Any CPU
		{C2DC9234-E14C-48C4-8FF8-0EDB6F05D143}.Debug|Any CPU.ActiveCfg = Debug|Any CPU
		{C2DC9234-E14C-48C4-8FF8-0EDB6F05D143}.Debug|Any CPU.Build.0 = Debug|Any CPU
		{C2DC9234-E14C-48C4-8FF8-0EDB6F05D143}.Release|Any CPU.ActiveCfg = Release|Any CPU
		{C2DC9234-E14C-48C4-8FF8-0EDB6F05D143}.Release|Any CPU.Build.0 = Release|Any CPU
		{64C56D58-890E-4FC2-882C-5A5FA7643891}.Debug|Any CPU.ActiveCfg = Debug|Any CPU
		{64C56D58-890E-4FC2-882C-5A5FA7643891}.Debug|Any CPU.Build.0 = Debug|Any CPU
		{64C56D58-890E-4FC2-882C-5A5FA7643891}.Release|Any CPU.ActiveCfg = Release|Any CPU
		{64C56D58-890E-4FC2-882C-5A5FA7643891}.Release|Any CPU.Build.0 = Release|Any CPU
		{2AD2065A-3ECC-45FB-B46C-AA919FAF2C14}.Debug|Any CPU.ActiveCfg = Debug|Any CPU
		{2AD2065A-3ECC-45FB-B46C-AA919FAF2C14}.Debug|Any CPU.Build.0 = Debug|Any CPU
		{2AD2065A-3ECC-45FB-B46C-AA919FAF2C14}.Release|Any CPU.ActiveCfg = Release|Any CPU
		{2AD2065A-3ECC-45FB-B46C-AA919FAF2C14}.Release|Any CPU.Build.0 = Release|Any CPU
		{72B2A037-4BA1-41B4-B417-8D8ED3603767}.Debug|Any CPU.ActiveCfg = Debug|Any CPU
		{72B2A037-4BA1-41B4-B417-8D8ED3603767}.Debug|Any CPU.Build.0 = Debug|Any CPU
		{72B2A037-4BA1-41B4-B417-8D8ED3603767}.Release|Any CPU.ActiveCfg = Release|Any CPU
		{72B2A037-4BA1-41B4-B417-8D8ED3603767}.Release|Any CPU.Build.0 = Release|Any CPU
		{093A4878-52CF-48E5-86A6-031BEE5A9E53}.Debug|Any CPU.ActiveCfg = Debug|Any CPU
		{093A4878-52CF-48E5-86A6-031BEE5A9E53}.Debug|Any CPU.Build.0 = Debug|Any CPU
		{093A4878-52CF-48E5-86A6-031BEE5A9E53}.Release|Any CPU.ActiveCfg = Release|Any CPU
		{093A4878-52CF-48E5-86A6-031BEE5A9E53}.Release|Any CPU.Build.0 = Release|Any CPU
		{3853EC32-409F-45CE-8C5D-8A1187A75AE9}.Debug|Any CPU.ActiveCfg = Debug|Any CPU
		{3853EC32-409F-45CE-8C5D-8A1187A75AE9}.Debug|Any CPU.Build.0 = Debug|Any CPU
		{3853EC32-409F-45CE-8C5D-8A1187A75AE9}.Release|Any CPU.ActiveCfg = Release|Any CPU
		{3853EC32-409F-45CE-8C5D-8A1187A75AE9}.Release|Any CPU.Build.0 = Release|Any CPU
		{7BFBE85F-8370-4EFB-BEE8-94B4DDCF79CF}.Debug|Any CPU.ActiveCfg = Debug|Any CPU
		{7BFBE85F-8370-4EFB-BEE8-94B4DDCF79CF}.Debug|Any CPU.Build.0 = Debug|Any CPU
		{7BFBE85F-8370-4EFB-BEE8-94B4DDCF79CF}.Release|Any CPU.ActiveCfg = Release|Any CPU
		{7BFBE85F-8370-4EFB-BEE8-94B4DDCF79CF}.Release|Any CPU.Build.0 = Release|Any CPU
		{A6B31512-1932-4148-A4C2-260A6C6DCF94}.Debug|Any CPU.ActiveCfg = Debug|Any CPU
		{A6B31512-1932-4148-A4C2-260A6C6DCF94}.Debug|Any CPU.Build.0 = Debug|Any CPU
		{A6B31512-1932-4148-A4C2-260A6C6DCF94}.Release|Any CPU.ActiveCfg = Release|Any CPU
		{A6B31512-1932-4148-A4C2-260A6C6DCF94}.Release|Any CPU.Build.0 = Release|Any CPU
		{0EC50822-6B33-4F26-AC02-866324FF01E1}.Debug|Any CPU.ActiveCfg = Debug|Any CPU
		{0EC50822-6B33-4F26-AC02-866324FF01E1}.Debug|Any CPU.Build.0 = Debug|Any CPU
		{0EC50822-6B33-4F26-AC02-866324FF01E1}.Release|Any CPU.ActiveCfg = Release|Any CPU
		{0EC50822-6B33-4F26-AC02-866324FF01E1}.Release|Any CPU.Build.0 = Release|Any CPU
		{54088771-66D2-4CAB-AB6E-193C51977AE9}.Debug|Any CPU.ActiveCfg = Debug|Any CPU
		{54088771-66D2-4CAB-AB6E-193C51977AE9}.Debug|Any CPU.Build.0 = Debug|Any CPU
		{54088771-66D2-4CAB-AB6E-193C51977AE9}.Release|Any CPU.ActiveCfg = Release|Any CPU
		{54088771-66D2-4CAB-AB6E-193C51977AE9}.Release|Any CPU.Build.0 = Release|Any CPU
		{D2A291CD-1D21-4CC8-B4CF-8F74880B70AA}.Debug|Any CPU.ActiveCfg = Debug|Any CPU
		{D2A291CD-1D21-4CC8-B4CF-8F74880B70AA}.Debug|Any CPU.Build.0 = Debug|Any CPU
		{D2A291CD-1D21-4CC8-B4CF-8F74880B70AA}.Release|Any CPU.ActiveCfg = Release|Any CPU
		{D2A291CD-1D21-4CC8-B4CF-8F74880B70AA}.Release|Any CPU.Build.0 = Release|Any CPU
		{23A6FB9B-7F2C-4DEE-8133-0E52FFF37467}.Debug|Any CPU.ActiveCfg = Debug|Any CPU
		{23A6FB9B-7F2C-4DEE-8133-0E52FFF37467}.Debug|Any CPU.Build.0 = Debug|Any CPU
		{23A6FB9B-7F2C-4DEE-8133-0E52FFF37467}.Release|Any CPU.ActiveCfg = Release|Any CPU
		{23A6FB9B-7F2C-4DEE-8133-0E52FFF37467}.Release|Any CPU.Build.0 = Release|Any CPU
		{3C105E39-26CE-4A22-BB88-F8239E5E1FA8}.Debug|Any CPU.ActiveCfg = Debug|Any CPU
		{3C105E39-26CE-4A22-BB88-F8239E5E1FA8}.Debug|Any CPU.Build.0 = Debug|Any CPU
		{3C105E39-26CE-4A22-BB88-F8239E5E1FA8}.Release|Any CPU.ActiveCfg = Release|Any CPU
		{3C105E39-26CE-4A22-BB88-F8239E5E1FA8}.Release|Any CPU.Build.0 = Release|Any CPU
		{CCF95A4F-C535-4A77-86A0-E0BB5FEC68ED}.Debug|Any CPU.ActiveCfg = Debug|Any CPU
		{CCF95A4F-C535-4A77-86A0-E0BB5FEC68ED}.Debug|Any CPU.Build.0 = Debug|Any CPU
		{CCF95A4F-C535-4A77-86A0-E0BB5FEC68ED}.Release|Any CPU.ActiveCfg = Release|Any CPU
		{CCF95A4F-C535-4A77-86A0-E0BB5FEC68ED}.Release|Any CPU.Build.0 = Release|Any CPU
		{88B9F569-ED6F-4718-86FF-1C22869E6C08}.Debug|Any CPU.ActiveCfg = Debug|Any CPU
		{88B9F569-ED6F-4718-86FF-1C22869E6C08}.Debug|Any CPU.Build.0 = Debug|Any CPU
		{88B9F569-ED6F-4718-86FF-1C22869E6C08}.Release|Any CPU.ActiveCfg = Release|Any CPU
		{88B9F569-ED6F-4718-86FF-1C22869E6C08}.Release|Any CPU.Build.0 = Release|Any CPU
		{46C0D79B-1867-4EAB-8920-11264DB41656}.Debug|Any CPU.ActiveCfg = Debug|Any CPU
		{46C0D79B-1867-4EAB-8920-11264DB41656}.Debug|Any CPU.Build.0 = Debug|Any CPU
		{46C0D79B-1867-4EAB-8920-11264DB41656}.Release|Any CPU.ActiveCfg = Release|Any CPU
		{46C0D79B-1867-4EAB-8920-11264DB41656}.Release|Any CPU.Build.0 = Release|Any CPU
		{FB6BD78F-D28D-4238-AB11-EB03789E8CC9}.Debug|Any CPU.ActiveCfg = Debug|Any CPU
		{FB6BD78F-D28D-4238-AB11-EB03789E8CC9}.Debug|Any CPU.Build.0 = Debug|Any CPU
		{FB6BD78F-D28D-4238-AB11-EB03789E8CC9}.Release|Any CPU.ActiveCfg = Release|Any CPU
		{FB6BD78F-D28D-4238-AB11-EB03789E8CC9}.Release|Any CPU.Build.0 = Release|Any CPU
		{F9CBBC7C-0BB9-45D6-A351-230CE8E85C2B}.Debug|Any CPU.ActiveCfg = Debug|Any CPU
		{F9CBBC7C-0BB9-45D6-A351-230CE8E85C2B}.Debug|Any CPU.Build.0 = Debug|Any CPU
		{F9CBBC7C-0BB9-45D6-A351-230CE8E85C2B}.Release|Any CPU.ActiveCfg = Release|Any CPU
		{F9CBBC7C-0BB9-45D6-A351-230CE8E85C2B}.Release|Any CPU.Build.0 = Release|Any CPU
		{E638C5CB-C862-4EF3-B576-5D6A5E4FAC0D}.Debug|Any CPU.ActiveCfg = Debug|Any CPU
		{E638C5CB-C862-4EF3-B576-5D6A5E4FAC0D}.Debug|Any CPU.Build.0 = Debug|Any CPU
		{E638C5CB-C862-4EF3-B576-5D6A5E4FAC0D}.Release|Any CPU.ActiveCfg = Release|Any CPU
		{E638C5CB-C862-4EF3-B576-5D6A5E4FAC0D}.Release|Any CPU.Build.0 = Release|Any CPU
		{6BC1E28D-DA6E-4A39-9119-764AA5C6AFD3}.Debug|Any CPU.ActiveCfg = Debug|Any CPU
		{6BC1E28D-DA6E-4A39-9119-764AA5C6AFD3}.Debug|Any CPU.Build.0 = Debug|Any CPU
		{6BC1E28D-DA6E-4A39-9119-764AA5C6AFD3}.Release|Any CPU.ActiveCfg = Release|Any CPU
		{6BC1E28D-DA6E-4A39-9119-764AA5C6AFD3}.Release|Any CPU.Build.0 = Release|Any CPU
		{E841B318-1901-43B8-9D09-49AF84BDBDF3}.Debug|Any CPU.ActiveCfg = Debug|Any CPU
		{E841B318-1901-43B8-9D09-49AF84BDBDF3}.Debug|Any CPU.Build.0 = Debug|Any CPU
		{E841B318-1901-43B8-9D09-49AF84BDBDF3}.Release|Any CPU.ActiveCfg = Release|Any CPU
		{E841B318-1901-43B8-9D09-49AF84BDBDF3}.Release|Any CPU.Build.0 = Release|Any CPU
		{519E1653-52E6-4B18-8C02-DDD824C155DE}.Debug|Any CPU.ActiveCfg = Debug|Any CPU
		{519E1653-52E6-4B18-8C02-DDD824C155DE}.Debug|Any CPU.Build.0 = Debug|Any CPU
		{519E1653-52E6-4B18-8C02-DDD824C155DE}.Release|Any CPU.ActiveCfg = Release|Any CPU
		{519E1653-52E6-4B18-8C02-DDD824C155DE}.Release|Any CPU.Build.0 = Release|Any CPU
		{E36E8EC6-07EB-498B-A577-DB186B2E2B7D}.Debug|Any CPU.ActiveCfg = Debug|Any CPU
		{E36E8EC6-07EB-498B-A577-DB186B2E2B7D}.Debug|Any CPU.Build.0 = Debug|Any CPU
		{E36E8EC6-07EB-498B-A577-DB186B2E2B7D}.Release|Any CPU.ActiveCfg = Release|Any CPU
		{E36E8EC6-07EB-498B-A577-DB186B2E2B7D}.Release|Any CPU.Build.0 = Release|Any CPU
		{89F5B929-CFDD-488E-9B56-1650AFD0C435}.Debug|Any CPU.ActiveCfg = Debug|Any CPU
		{89F5B929-CFDD-488E-9B56-1650AFD0C435}.Debug|Any CPU.Build.0 = Debug|Any CPU
		{89F5B929-CFDD-488E-9B56-1650AFD0C435}.Release|Any CPU.ActiveCfg = Release|Any CPU
		{89F5B929-CFDD-488E-9B56-1650AFD0C435}.Release|Any CPU.Build.0 = Release|Any CPU
		{5131102E-FF37-4B93-890F-5C2931A864C6}.Debug|Any CPU.ActiveCfg = Debug|Any CPU
		{5131102E-FF37-4B93-890F-5C2931A864C6}.Debug|Any CPU.Build.0 = Debug|Any CPU
		{5131102E-FF37-4B93-890F-5C2931A864C6}.Release|Any CPU.ActiveCfg = Release|Any CPU
		{5131102E-FF37-4B93-890F-5C2931A864C6}.Release|Any CPU.Build.0 = Release|Any CPU
		{92683EB6-0AA0-4894-B580-B048F87AD5DC}.Debug|Any CPU.ActiveCfg = Debug|Any CPU
		{92683EB6-0AA0-4894-B580-B048F87AD5DC}.Debug|Any CPU.Build.0 = Debug|Any CPU
		{92683EB6-0AA0-4894-B580-B048F87AD5DC}.Release|Any CPU.ActiveCfg = Release|Any CPU
		{92683EB6-0AA0-4894-B580-B048F87AD5DC}.Release|Any CPU.Build.0 = Release|Any CPU
		{6ADD1876-7747-4C76-86B0-02E25BBAC30A}.Debug|Any CPU.ActiveCfg = Debug|Any CPU
		{6ADD1876-7747-4C76-86B0-02E25BBAC30A}.Debug|Any CPU.Build.0 = Debug|Any CPU
		{6ADD1876-7747-4C76-86B0-02E25BBAC30A}.Release|Any CPU.ActiveCfg = Release|Any CPU
		{6ADD1876-7747-4C76-86B0-02E25BBAC30A}.Release|Any CPU.Build.0 = Release|Any CPU
		{50BFD48D-49AA-4562-8CF0-8715A6B5F59A}.Debug|Any CPU.ActiveCfg = Debug|Any CPU
		{50BFD48D-49AA-4562-8CF0-8715A6B5F59A}.Debug|Any CPU.Build.0 = Debug|Any CPU
		{50BFD48D-49AA-4562-8CF0-8715A6B5F59A}.Release|Any CPU.ActiveCfg = Release|Any CPU
		{50BFD48D-49AA-4562-8CF0-8715A6B5F59A}.Release|Any CPU.Build.0 = Release|Any CPU
		{346CD338-F628-4745-9C66-6F504A28F3E9}.Debug|Any CPU.ActiveCfg = Debug|Any CPU
		{346CD338-F628-4745-9C66-6F504A28F3E9}.Debug|Any CPU.Build.0 = Debug|Any CPU
		{346CD338-F628-4745-9C66-6F504A28F3E9}.Release|Any CPU.ActiveCfg = Release|Any CPU
		{346CD338-F628-4745-9C66-6F504A28F3E9}.Release|Any CPU.Build.0 = Release|Any CPU
		{8E7847C1-ED49-4805-8266-763A071FFB1D}.Debug|Any CPU.ActiveCfg = Debug|Any CPU
		{8E7847C1-ED49-4805-8266-763A071FFB1D}.Debug|Any CPU.Build.0 = Debug|Any CPU
		{8E7847C1-ED49-4805-8266-763A071FFB1D}.Release|Any CPU.ActiveCfg = Release|Any CPU
		{8E7847C1-ED49-4805-8266-763A071FFB1D}.Release|Any CPU.Build.0 = Release|Any CPU
		{FC51AE91-D48E-4E28-8BF2-DE8A70469A9F}.Debug|Any CPU.ActiveCfg = Debug|Any CPU
		{FC51AE91-D48E-4E28-8BF2-DE8A70469A9F}.Debug|Any CPU.Build.0 = Debug|Any CPU
		{FC51AE91-D48E-4E28-8BF2-DE8A70469A9F}.Release|Any CPU.ActiveCfg = Release|Any CPU
		{FC51AE91-D48E-4E28-8BF2-DE8A70469A9F}.Release|Any CPU.Build.0 = Release|Any CPU
		{61B8A051-7D58-49C5-9715-CC3717627C29}.Debug|Any CPU.ActiveCfg = Debug|Any CPU
		{61B8A051-7D58-49C5-9715-CC3717627C29}.Debug|Any CPU.Build.0 = Debug|Any CPU
		{61B8A051-7D58-49C5-9715-CC3717627C29}.Release|Any CPU.ActiveCfg = Release|Any CPU
		{61B8A051-7D58-49C5-9715-CC3717627C29}.Release|Any CPU.Build.0 = Release|Any CPU
		{F72054C4-BCDA-4407-A587-14082B6000CE}.Debug|Any CPU.ActiveCfg = Debug|Any CPU
		{F72054C4-BCDA-4407-A587-14082B6000CE}.Debug|Any CPU.Build.0 = Debug|Any CPU
		{F72054C4-BCDA-4407-A587-14082B6000CE}.Release|Any CPU.ActiveCfg = Release|Any CPU
		{F72054C4-BCDA-4407-A587-14082B6000CE}.Release|Any CPU.Build.0 = Release|Any CPU
		{6B4DEFB2-FC99-4601-A85D-14B10660849E}.Debug|Any CPU.ActiveCfg = Debug|Any CPU
		{6B4DEFB2-FC99-4601-A85D-14B10660849E}.Debug|Any CPU.Build.0 = Debug|Any CPU
		{6B4DEFB2-FC99-4601-A85D-14B10660849E}.Release|Any CPU.ActiveCfg = Release|Any CPU
		{6B4DEFB2-FC99-4601-A85D-14B10660849E}.Release|Any CPU.Build.0 = Release|Any CPU
	EndGlobalSection
	GlobalSection(SolutionProperties) = preSolution
		HideSolutionNode = FALSE
	EndGlobalSection
	GlobalSection(NestedProjects) = preSolution
		{0E758433-DEC0-41FB-8E4E-B9E361394D92} = {579A01C0-AA4E-40B1-B1FE-6C0C5A8662FF}
		{FCAA9EF9-F750-4ACF-A48E-299C91ACE4C8} = {0EBED11D-F0BE-4482-9988-B21CCE34D3DE}
		{7DC18395-A880-49CD-ACC9-A79F7D5F9C51} = {579A01C0-AA4E-40B1-B1FE-6C0C5A8662FF}
		{C42F864F-7009-4F58-970D-9934CED1DE2D} = {579A01C0-AA4E-40B1-B1FE-6C0C5A8662FF}
		{0B1605D2-1D4B-4E3A-993B-4F19496813E6} = {0EBED11D-F0BE-4482-9988-B21CCE34D3DE}
		{C2DC9234-E14C-48C4-8FF8-0EDB6F05D143} = {D9A70FC8-2F32-4F35-968D-5E392BF338FD}
		{64C56D58-890E-4FC2-882C-5A5FA7643891} = {0EBED11D-F0BE-4482-9988-B21CCE34D3DE}
		{2AD2065A-3ECC-45FB-B46C-AA919FAF2C14} = {D9A70FC8-2F32-4F35-968D-5E392BF338FD}
		{72B2A037-4BA1-41B4-B417-8D8ED3603767} = {D9A70FC8-2F32-4F35-968D-5E392BF338FD}
		{093A4878-52CF-48E5-86A6-031BEE5A9E53} = {D9A70FC8-2F32-4F35-968D-5E392BF338FD}
		{3853EC32-409F-45CE-8C5D-8A1187A75AE9} = {D9A70FC8-2F32-4F35-968D-5E392BF338FD}
		{7BFBE85F-8370-4EFB-BEE8-94B4DDCF79CF} = {D9A70FC8-2F32-4F35-968D-5E392BF338FD}
		{A6B31512-1932-4148-A4C2-260A6C6DCF94} = {D9A70FC8-2F32-4F35-968D-5E392BF338FD}
		{0EC50822-6B33-4F26-AC02-866324FF01E1} = {D9A70FC8-2F32-4F35-968D-5E392BF338FD}
		{54088771-66D2-4CAB-AB6E-193C51977AE9} = {D9A70FC8-2F32-4F35-968D-5E392BF338FD}
		{D2A291CD-1D21-4CC8-B4CF-8F74880B70AA} = {D9A70FC8-2F32-4F35-968D-5E392BF338FD}
		{23A6FB9B-7F2C-4DEE-8133-0E52FFF37467} = {D9A70FC8-2F32-4F35-968D-5E392BF338FD}
		{3C105E39-26CE-4A22-BB88-F8239E5E1FA8} = {D9A70FC8-2F32-4F35-968D-5E392BF338FD}
		{CCF95A4F-C535-4A77-86A0-E0BB5FEC68ED} = {D9A70FC8-2F32-4F35-968D-5E392BF338FD}
		{88B9F569-ED6F-4718-86FF-1C22869E6C08} = {D9A70FC8-2F32-4F35-968D-5E392BF338FD}
		{46C0D79B-1867-4EAB-8920-11264DB41656} = {D9A70FC8-2F32-4F35-968D-5E392BF338FD}
		{FB6BD78F-D28D-4238-AB11-EB03789E8CC9} = {D9A70FC8-2F32-4F35-968D-5E392BF338FD}
		{F9CBBC7C-0BB9-45D6-A351-230CE8E85C2B} = {D9A70FC8-2F32-4F35-968D-5E392BF338FD}
		{E638C5CB-C862-4EF3-B576-5D6A5E4FAC0D} = {D9A70FC8-2F32-4F35-968D-5E392BF338FD}
		{6BC1E28D-DA6E-4A39-9119-764AA5C6AFD3} = {D9A70FC8-2F32-4F35-968D-5E392BF338FD}
		{E841B318-1901-43B8-9D09-49AF84BDBDF3} = {D9A70FC8-2F32-4F35-968D-5E392BF338FD}
		{519E1653-52E6-4B18-8C02-DDD824C155DE} = {D9A70FC8-2F32-4F35-968D-5E392BF338FD}
		{E36E8EC6-07EB-498B-A577-DB186B2E2B7D} = {D9A70FC8-2F32-4F35-968D-5E392BF338FD}
		{89F5B929-CFDD-488E-9B56-1650AFD0C435} = {D9A70FC8-2F32-4F35-968D-5E392BF338FD}
		{5131102E-FF37-4B93-890F-5C2931A864C6} = {D9A70FC8-2F32-4F35-968D-5E392BF338FD}
		{92683EB6-0AA0-4894-B580-B048F87AD5DC} = {D9A70FC8-2F32-4F35-968D-5E392BF338FD}
		{6ADD1876-7747-4C76-86B0-02E25BBAC30A} = {D9A70FC8-2F32-4F35-968D-5E392BF338FD}
		{50BFD48D-49AA-4562-8CF0-8715A6B5F59A} = {579A01C0-AA4E-40B1-B1FE-6C0C5A8662FF}
		{346CD338-F628-4745-9C66-6F504A28F3E9} = {D9A70FC8-2F32-4F35-968D-5E392BF338FD}
		{8E7847C1-ED49-4805-8266-763A071FFB1D} = {D9A70FC8-2F32-4F35-968D-5E392BF338FD}
		{FC51AE91-D48E-4E28-8BF2-DE8A70469A9F} = {D9A70FC8-2F32-4F35-968D-5E392BF338FD}
		{61B8A051-7D58-49C5-9715-CC3717627C29} = {D9A70FC8-2F32-4F35-968D-5E392BF338FD}
		{F72054C4-BCDA-4407-A587-14082B6000CE} = {D9A70FC8-2F32-4F35-968D-5E392BF338FD}
		{6B4DEFB2-FC99-4601-A85D-14B10660849E} = {D9A70FC8-2F32-4F35-968D-5E392BF338FD}
	EndGlobalSection
	GlobalSection(ExtensibilityGlobals) = postSolution
		SolutionGuid = {7FE705AC-0B51-403F-8065-6129A1C8AAEA}
	EndGlobalSection
EndGlobal
